
Microsoft Visual Studio Solution File, Format Version 12.00
Project("{2150E333-8FDC-42A3-9474-1A3956D46DE8}") = "src", "src", "{FB161494-E422-4D4E-BA04-3473C2EB13B0}"
EndProject
Project("{2150E333-8FDC-42A3-9474-1A3956D46DE8}") = "integ-tests", "integ-tests", "{DC7C95FE-F58F-4F16-8DFA-87E1B67DCEAE}"
EndProject
Project("{FAE04EC0-301F-11D3-BF4B-00C04F79EFBC}") = "DependencyModules.Runtime", "src\DependencyModules.Runtime\DependencyModules.Runtime.csproj", "{1E7E9023-435E-499B-9A6F-6C3E20A9A4F1}"
EndProject
Project("{FAE04EC0-301F-11D3-BF4B-00C04F79EFBC}") = "DependencyModules.SourceGenerator", "src\DependencyModules.SourceGenerator\DependencyModules.SourceGenerator.csproj", "{F2B3E3A2-F44D-401B-9E7A-18C23434B921}"
EndProject
Project("{FAE04EC0-301F-11D3-BF4B-00C04F79EFBC}") = "DependencyModules.SourceGenerator.Impl", "src\DependencyModules.SourceGenerator.Impl\DependencyModules.SourceGenerator.Impl.csproj", "{5566F1D8-0311-489A-8513-942D247B19E7}"
EndProject
Project("{FAE04EC0-301F-11D3-BF4B-00C04F79EFBC}") = "SutProject", "integ-tests\SutProject\SutProject.csproj", "{BDD4DF38-8241-4BC4-9272-D6E527868790}"
EndProject
Project("{FAE04EC0-301F-11D3-BF4B-00C04F79EFBC}") = "SecondarySutProject", "integ-tests\SecondarySutProject\SecondarySutProject.csproj", "{01878BB5-D308-4EF3-8144-C35C58188E1A}"
EndProject
Project("{FAE04EC0-301F-11D3-BF4B-00C04F79EFBC}") = "SutProject.Tests", "integ-tests\SutProject.Tests\SutProject.Tests.csproj", "{93187389-37C0-4DA0-8D25-E672ED858052}"
EndProject
Project("{FAE04EC0-301F-11D3-BF4B-00C04F79EFBC}") = "DependencyModules.xUnit", "src\DependencyModules.xUnit\DependencyModules.xUnit.csproj", "{0960CFB0-87F7-418F-9673-FAE5A6C9BB74}"
EndProject
Project("{FAE04EC0-301F-11D3-BF4B-00C04F79EFBC}") = "DependencyModules.xUnit.NSubstitute", "src\DependencyModules.xUnit.NSubstitute\DependencyModules.xUnit.NSubstitute.csproj", "{444349D1-F2D1-4E4B-87C2-F3DBCF0D1D19}"
EndProject
Project("{FAE04EC0-301F-11D3-BF4B-00C04F79EFBC}") = "ConsoleTestProject", "integ-tests\ConsoleTestProject\ConsoleTestProject.csproj", "{9A4D50DE-3995-494F-85CF-68F803051644}"
EndProject
Global
	GlobalSection(SolutionConfigurationPlatforms) = preSolution
		Debug|Any CPU = Debug|Any CPU
		Release|Any CPU = Release|Any CPU
	EndGlobalSection
	GlobalSection(ProjectConfigurationPlatforms) = postSolution
		{1E7E9023-435E-499B-9A6F-6C3E20A9A4F1}.Debug|Any CPU.ActiveCfg = Debug|Any CPU
		{1E7E9023-435E-499B-9A6F-6C3E20A9A4F1}.Debug|Any CPU.Build.0 = Debug|Any CPU
		{1E7E9023-435E-499B-9A6F-6C3E20A9A4F1}.Release|Any CPU.ActiveCfg = Release|Any CPU
		{1E7E9023-435E-499B-9A6F-6C3E20A9A4F1}.Release|Any CPU.Build.0 = Release|Any CPU
		{F2B3E3A2-F44D-401B-9E7A-18C23434B921}.Debug|Any CPU.ActiveCfg = Debug|Any CPU
		{F2B3E3A2-F44D-401B-9E7A-18C23434B921}.Debug|Any CPU.Build.0 = Debug|Any CPU
		{F2B3E3A2-F44D-401B-9E7A-18C23434B921}.Release|Any CPU.ActiveCfg = Release|Any CPU
		{F2B3E3A2-F44D-401B-9E7A-18C23434B921}.Release|Any CPU.Build.0 = Release|Any CPU
		{5566F1D8-0311-489A-8513-942D247B19E7}.Debug|Any CPU.ActiveCfg = Debug|Any CPU
		{5566F1D8-0311-489A-8513-942D247B19E7}.Debug|Any CPU.Build.0 = Debug|Any CPU
		{5566F1D8-0311-489A-8513-942D247B19E7}.Release|Any CPU.ActiveCfg = Release|Any CPU
		{5566F1D8-0311-489A-8513-942D247B19E7}.Release|Any CPU.Build.0 = Release|Any CPU
		{BDD4DF38-8241-4BC4-9272-D6E527868790}.Debug|Any CPU.ActiveCfg = Debug|Any CPU
		{BDD4DF38-8241-4BC4-9272-D6E527868790}.Debug|Any CPU.Build.0 = Debug|Any CPU
		{BDD4DF38-8241-4BC4-9272-D6E527868790}.Release|Any CPU.ActiveCfg = Release|Any CPU
		{BDD4DF38-8241-4BC4-9272-D6E527868790}.Release|Any CPU.Build.0 = Release|Any CPU
		{01878BB5-D308-4EF3-8144-C35C58188E1A}.Debug|Any CPU.ActiveCfg = Debug|Any CPU
		{01878BB5-D308-4EF3-8144-C35C58188E1A}.Debug|Any CPU.Build.0 = Debug|Any CPU
		{01878BB5-D308-4EF3-8144-C35C58188E1A}.Release|Any CPU.ActiveCfg = Release|Any CPU
		{01878BB5-D308-4EF3-8144-C35C58188E1A}.Release|Any CPU.Build.0 = Release|Any CPU
		{93187389-37C0-4DA0-8D25-E672ED858052}.Debug|Any CPU.ActiveCfg = Debug|Any CPU
		{93187389-37C0-4DA0-8D25-E672ED858052}.Debug|Any CPU.Build.0 = Debug|Any CPU
		{93187389-37C0-4DA0-8D25-E672ED858052}.Release|Any CPU.ActiveCfg = Release|Any CPU
		{93187389-37C0-4DA0-8D25-E672ED858052}.Release|Any CPU.Build.0 = Release|Any CPU
		{0960CFB0-87F7-418F-9673-FAE5A6C9BB74}.Debug|Any CPU.ActiveCfg = Debug|Any CPU
		{0960CFB0-87F7-418F-9673-FAE5A6C9BB74}.Debug|Any CPU.Build.0 = Debug|Any CPU
		{0960CFB0-87F7-418F-9673-FAE5A6C9BB74}.Release|Any CPU.ActiveCfg = Release|Any CPU
		{0960CFB0-87F7-418F-9673-FAE5A6C9BB74}.Release|Any CPU.Build.0 = Release|Any CPU
		{444349D1-F2D1-4E4B-87C2-F3DBCF0D1D19}.Debug|Any CPU.ActiveCfg = Debug|Any CPU
		{444349D1-F2D1-4E4B-87C2-F3DBCF0D1D19}.Debug|Any CPU.Build.0 = Debug|Any CPU
		{444349D1-F2D1-4E4B-87C2-F3DBCF0D1D19}.Release|Any CPU.ActiveCfg = Release|Any CPU
		{444349D1-F2D1-4E4B-87C2-F3DBCF0D1D19}.Release|Any CPU.Build.0 = Release|Any CPU
		{9A4D50DE-3995-494F-85CF-68F803051644}.Debug|Any CPU.ActiveCfg = Debug|Any CPU
		{9A4D50DE-3995-494F-85CF-68F803051644}.Debug|Any CPU.Build.0 = Debug|Any CPU
		{9A4D50DE-3995-494F-85CF-68F803051644}.Release|Any CPU.ActiveCfg = Release|Any CPU
		{9A4D50DE-3995-494F-85CF-68F803051644}.Release|Any CPU.Build.0 = Release|Any CPU
	EndGlobalSection
	GlobalSection(NestedProjects) = preSolution
		{1E7E9023-435E-499B-9A6F-6C3E20A9A4F1} = {FB161494-E422-4D4E-BA04-3473C2EB13B0}
		{F2B3E3A2-F44D-401B-9E7A-18C23434B921} = {FB161494-E422-4D4E-BA04-3473C2EB13B0}
		{5566F1D8-0311-489A-8513-942D247B19E7} = {FB161494-E422-4D4E-BA04-3473C2EB13B0}
		{BDD4DF38-8241-4BC4-9272-D6E527868790} = {DC7C95FE-F58F-4F16-8DFA-87E1B67DCEAE}
		{01878BB5-D308-4EF3-8144-C35C58188E1A} = {DC7C95FE-F58F-4F16-8DFA-87E1B67DCEAE}
		{93187389-37C0-4DA0-8D25-E672ED858052} = {DC7C95FE-F58F-4F16-8DFA-87E1B67DCEAE}
		{0960CFB0-87F7-418F-9673-FAE5A6C9BB74} = {FB161494-E422-4D4E-BA04-3473C2EB13B0}
		{444349D1-F2D1-4E4B-87C2-F3DBCF0D1D19} = {FB161494-E422-4D4E-BA04-3473C2EB13B0}
		{9A4D50DE-3995-494F-85CF-68F803051644} = {DC7C95FE-F58F-4F16-8DFA-87E1B67DCEAE}
	EndGlobalSection
EndGlobal
