
Microsoft Visual Studio Solution File, Format Version 12.00
Project("{FAE04EC0-301F-11D3-BF4B-00C04F79EFBC}") = "DependencyModules.Runtime", "DependencyModules.Runtime\DependencyModules.Runtime.csproj", "{9906507A-906B-4233-8C70-CBF060950C81}"
EndProject
Project("{FAE04EC0-301F-11D3-BF4B-00C04F79EFBC}") = "DependencyModules.SourceGenerator", "DependencyModules.SourceGenerator\DependencyModules.SourceGenerator.csproj", "{070E0B42-84BC-417C-A81E-6635CB06094C}"
EndProject
Project("{FAE04EC0-301F-11D3-BF4B-00C04F79EFBC}") = "DependencyModules.SourceGenerator.Impl", "DependencyModules.SourceGenerator.Impl\DependencyModules.SourceGenerator.Impl.csproj", "{7974E141-9D8C-43DC-962B-05111141C784}"
EndProject
Project("{FAE04EC0-301F-11D3-BF4B-00C04F79EFBC}") = "DependencyModules.SourceGenerator.Impl.Tests", "DependencyModules.SourceGenerator.Impl.Tests\DependencyModules.SourceGenerator.Impl.Tests.csproj", "{82C9D1D0-885C-427E-86A0-ECAE596773D5}"
EndProject
Project("{FAE04EC0-301F-11D3-BF4B-00C04F79EFBC}") = "SutProject", "SutProject\SutProject.csproj", "{88FAF6BF-26AE-4892-BF0A-90B87C6AF3AD}"
EndProject
Project("{FAE04EC0-301F-11D3-BF4B-00C04F79EFBC}") = "SutProject.Tests", "SutProject.Tests\SutProject.Tests.csproj", "{8474A1E7-683C-4957-B1B8-BDFB833F9136}"
EndProject
Project("{FAE04EC0-301F-11D3-BF4B-00C04F79EFBC}") = "SecondarySutProject", "SecondarySutProject\SecondarySutProject.csproj", "{E21DD26E-5010-4B3C-8C90-31EF50A73C6A}"
EndProject
Project("{FAE04EC0-301F-11D3-BF4B-00C04F79EFBC}") = "DependencyModules.Testing", "DependencyModules.Testing\DependencyModules.Testing.csproj", "{DF2186D5-9C2A-4AD3-BA28-0C4C57BC73A3}"
EndProject
Project("{FAE04EC0-301F-11D3-BF4B-00C04F79EFBC}") = "DependencyModules.Testing.NSubstitute", "DependencyModules.Testing.NSubstitute\DependencyModules.Testing.NSubstitute.csproj", "{BEF91EED-B334-4D77-9F2A-E1E3FC9418A5}"
EndProject
Global
	GlobalSection(SolutionConfigurationPlatforms) = preSolution
		Debug|Any CPU = Debug|Any CPU
		Release|Any CPU = Release|Any CPU
	EndGlobalSection
	GlobalSection(ProjectConfigurationPlatforms) = postSolution
		{9906507A-906B-4233-8C70-CBF060950C81}.Debug|Any CPU.ActiveCfg = Debug|Any CPU
		{9906507A-906B-4233-8C70-CBF060950C81}.Debug|Any CPU.Build.0 = Debug|Any CPU
		{9906507A-906B-4233-8C70-CBF060950C81}.Release|Any CPU.ActiveCfg = Release|Any CPU
		{9906507A-906B-4233-8C70-CBF060950C81}.Release|Any CPU.Build.0 = Release|Any CPU
		{070E0B42-84BC-417C-A81E-6635CB06094C}.Debug|Any CPU.ActiveCfg = Debug|Any CPU
		{070E0B42-84BC-417C-A81E-6635CB06094C}.Debug|Any CPU.Build.0 = Debug|Any CPU
		{070E0B42-84BC-417C-A81E-6635CB06094C}.Release|Any CPU.ActiveCfg = Release|Any CPU
		{070E0B42-84BC-417C-A81E-6635CB06094C}.Release|Any CPU.Build.0 = Release|Any CPU
		{7974E141-9D8C-43DC-962B-05111141C784}.Debug|Any CPU.ActiveCfg = Debug|Any CPU
		{7974E141-9D8C-43DC-962B-05111141C784}.Debug|Any CPU.Build.0 = Debug|Any CPU
		{7974E141-9D8C-43DC-962B-05111141C784}.Release|Any CPU.ActiveCfg = Release|Any CPU
		{7974E141-9D8C-43DC-962B-05111141C784}.Release|Any CPU.Build.0 = Release|Any CPU
		{82C9D1D0-885C-427E-86A0-ECAE596773D5}.Debug|Any CPU.ActiveCfg = Debug|Any CPU
		{82C9D1D0-885C-427E-86A0-ECAE596773D5}.Debug|Any CPU.Build.0 = Debug|Any CPU
		{82C9D1D0-885C-427E-86A0-ECAE596773D5}.Release|Any CPU.ActiveCfg = Release|Any CPU
		{82C9D1D0-885C-427E-86A0-ECAE596773D5}.Release|Any CPU.Build.0 = Release|Any CPU
		{88FAF6BF-26AE-4892-BF0A-90B87C6AF3AD}.Debug|Any CPU.ActiveCfg = Debug|Any CPU
		{88FAF6BF-26AE-4892-BF0A-90B87C6AF3AD}.Debug|Any CPU.Build.0 = Debug|Any CPU
		{88FAF6BF-26AE-4892-BF0A-90B87C6AF3AD}.Release|Any CPU.ActiveCfg = Release|Any CPU
		{88FAF6BF-26AE-4892-BF0A-90B87C6AF3AD}.Release|Any CPU.Build.0 = Release|Any CPU
		{8474A1E7-683C-4957-B1B8-BDFB833F9136}.Debug|Any CPU.ActiveCfg = Debug|Any CPU
		{8474A1E7-683C-4957-B1B8-BDFB833F9136}.Debug|Any CPU.Build.0 = Debug|Any CPU
		{8474A1E7-683C-4957-B1B8-BDFB833F9136}.Release|Any CPU.ActiveCfg = Release|Any CPU
		{8474A1E7-683C-4957-B1B8-BDFB833F9136}.Release|Any CPU.Build.0 = Release|Any CPU
		{E21DD26E-5010-4B3C-8C90-31EF50A73C6A}.Debug|Any CPU.ActiveCfg = Debug|Any CPU
		{E21DD26E-5010-4B3C-8C90-31EF50A73C6A}.Debug|Any CPU.Build.0 = Debug|Any CPU
		{E21DD26E-5010-4B3C-8C90-31EF50A73C6A}.Release|Any CPU.ActiveCfg = Release|Any CPU
		{E21DD26E-5010-4B3C-8C90-31EF50A73C6A}.Release|Any CPU.Build.0 = Release|Any CPU
		{DF2186D5-9C2A-4AD3-BA28-0C4C57BC73A3}.Debug|Any CPU.ActiveCfg = Debug|Any CPU
		{DF2186D5-9C2A-4AD3-BA28-0C4C57BC73A3}.Debug|Any CPU.Build.0 = Debug|Any CPU
		{DF2186D5-9C2A-4AD3-BA28-0C4C57BC73A3}.Release|Any CPU.ActiveCfg = Release|Any CPU
		{DF2186D5-9C2A-4AD3-BA28-0C4C57BC73A3}.Release|Any CPU.Build.0 = Release|Any CPU
		{BEF91EED-B334-4D77-9F2A-E1E3FC9418A5}.Debug|Any CPU.ActiveCfg = Debug|Any CPU
		{BEF91EED-B334-4D77-9F2A-E1E3FC9418A5}.Debug|Any CPU.Build.0 = Debug|Any CPU
		{BEF91EED-B334-4D77-9F2A-E1E3FC9418A5}.Release|Any CPU.ActiveCfg = Release|Any CPU
		{BEF91EED-B334-4D77-9F2A-E1E3FC9418A5}.Release|Any CPU.Build.0 = Release|Any CPU
	EndGlobalSection
EndGlobal
